
Microsoft Visual Studio Solution File, Format Version 12.00
# Visual Studio Version 17
VisualStudioVersion = 17.5.33516.290
MinimumVisualStudioVersion = 10.0.40219.1
Project("{9A19103F-16F7-4668-BE54-9A1E7A4F7556}") = "d88lib", "d88lib\d88lib.csproj", "{2B41AD30-9292-45B2-93B7-550F87C64474}"
EndProject
Project("{9A19103F-16F7-4668-BE54-9A1E7A4F7556}") = "d88ExtractorForNecDiskBasic", "d88ExtractorForNecDiskBasic\d88ExtractorForNecDiskBasic.csproj", "{CB8B3ADD-6224-4F3B-977D-B0FE7E1E79E5}"
EndProject
Project("{FAE04EC0-301F-11D3-BF4B-00C04F79EFBC}") = "d88ExtractorForFat12", "d88ExtractorForFat12\d88ExtractorForFat12.csproj", "{CFAFF159-B8AE-4B8B-A5B5-FE81F3279C68}"
EndProject
Global
	GlobalSection(SolutionConfigurationPlatforms) = preSolution
		Debug|Any CPU = Debug|Any CPU
		Release|Any CPU = Release|Any CPU
	EndGlobalSection
	GlobalSection(ProjectConfigurationPlatforms) = postSolution
		{2B41AD30-9292-45B2-93B7-550F87C64474}.Debug|Any CPU.ActiveCfg = Debug|Any CPU
		{2B41AD30-9292-45B2-93B7-550F87C64474}.Debug|Any CPU.Build.0 = Debug|Any CPU
		{2B41AD30-9292-45B2-93B7-550F87C64474}.Release|Any CPU.ActiveCfg = Release|Any CPU
		{2B41AD30-9292-45B2-93B7-550F87C64474}.Release|Any CPU.Build.0 = Release|Any CPU
		{CB8B3ADD-6224-4F3B-977D-B0FE7E1E79E5}.Debug|Any CPU.ActiveCfg = Debug|Any CPU
		{CB8B3ADD-6224-4F3B-977D-B0FE7E1E79E5}.Debug|Any CPU.Build.0 = Debug|Any CPU
		{CB8B3ADD-6224-4F3B-977D-B0FE7E1E79E5}.Release|Any CPU.ActiveCfg = Release|Any CPU
		{CB8B3ADD-6224-4F3B-977D-B0FE7E1E79E5}.Release|Any CPU.Build.0 = Release|Any CPU
		{CFAFF159-B8AE-4B8B-A5B5-FE81F3279C68}.Debug|Any CPU.ActiveCfg = Debug|Any CPU
		{CFAFF159-B8AE-4B8B-A5B5-FE81F3279C68}.Debug|Any CPU.Build.0 = Debug|Any CPU
		{CFAFF159-B8AE-4B8B-A5B5-FE81F3279C68}.Release|Any CPU.ActiveCfg = Release|Any CPU
		{CFAFF159-B8AE-4B8B-A5B5-FE81F3279C68}.Release|Any CPU.Build.0 = Release|Any CPU
	EndGlobalSection
	GlobalSection(SolutionProperties) = preSolution
		HideSolutionNode = FALSE
	EndGlobalSection
	GlobalSection(ExtensibilityGlobals) = postSolution
		SolutionGuid = {429CFD5B-CD77-42E2-B311-D3CAFEB709F1}
	EndGlobalSection
EndGlobal
